
Microsoft Visual Studio Solution File, Format Version 12.00
# Visual Studio Version 17
VisualStudioVersion = 17.9.34607.119
MinimumVisualStudioVersion = 10.0.40219.1
Project("{FAE04EC0-301F-11D3-BF4B-00C04F79EFBC}") = "Cloud Aissgnment 1", "Cloud Aissgnment 1.csproj", "{551662AC-AF3F-4743-BF62-AB4C53FB25FB}"
EndProject
Global
	GlobalSection(SolutionConfigurationPlatforms) = preSolution
		Debug|Any CPU = Debug|Any CPU
		Release|Any CPU = Release|Any CPU
	EndGlobalSection
	GlobalSection(ProjectConfigurationPlatforms) = postSolution
		{551662AC-AF3F-4743-BF62-AB4C53FB25FB}.Debug|Any CPU.ActiveCfg = Debug|Any CPU
		{551662AC-AF3F-4743-BF62-AB4C53FB25FB}.Debug|Any CPU.Build.0 = Debug|Any CPU
		{551662AC-AF3F-4743-BF62-AB4C53FB25FB}.Release|Any CPU.ActiveCfg = Release|Any CPU
		{551662AC-AF3F-4743-BF62-AB4C53FB25FB}.Release|Any CPU.Build.0 = Release|Any CPU
	EndGlobalSection
	GlobalSection(SolutionProperties) = preSolution
		HideSolutionNode = FALSE
	EndGlobalSection
	GlobalSection(ExtensibilityGlobals) = postSolution
		SolutionGuid = {B03298AE-FF8A-4E1D-BE90-16C0EAE358AC}
	EndGlobalSection
EndGlobal
